
Microsoft Visual Studio Solution File, Format Version 12.00
# Visual Studio Version 17
VisualStudioVersion = 17.0.31903.59
MinimumVisualStudioVersion = 10.0.40219.1
Project("{FAE04EC0-301F-11D3-BF4B-00C04F79EFBC}") = "API", "API\API.csproj", "{6C38C09C-7209-4552-AD84-2E7E9D612021}"
EndProject
Project("{FAE04EC0-301F-11D3-BF4B-00C04F79EFBC}") = "Application", "Application\Application.csproj", "{A1D3A563-476E-4916-BFAC-1E966DDE7CCA}"
EndProject
Project("{FAE04EC0-301F-11D3-BF4B-00C04F79EFBC}") = "Domain", "Domain\Domain.csproj", "{F43FE52E-CE4B-416A-BE2D-FB1DAB789256}"
EndProject
Project("{FAE04EC0-301F-11D3-BF4B-00C04F79EFBC}") = "Persistence", "Persistence\Persistence.csproj", "{8FEC1FD4-CD86-461F-8779-6D2D22C4EB18}"
EndProject
Global
	GlobalSection(SolutionConfigurationPlatforms) = preSolution
		Debug|Any CPU = Debug|Any CPU
		Release|Any CPU = Release|Any CPU
	EndGlobalSection
	GlobalSection(SolutionProperties) = preSolution
		HideSolutionNode = FALSE
	EndGlobalSection
	GlobalSection(ProjectConfigurationPlatforms) = postSolution
		{6C38C09C-7209-4552-AD84-2E7E9D612021}.Debug|Any CPU.ActiveCfg = Debug|Any CPU
		{6C38C09C-7209-4552-AD84-2E7E9D612021}.Debug|Any CPU.Build.0 = Debug|Any CPU
		{6C38C09C-7209-4552-AD84-2E7E9D612021}.Release|Any CPU.ActiveCfg = Release|Any CPU
		{6C38C09C-7209-4552-AD84-2E7E9D612021}.Release|Any CPU.Build.0 = Release|Any CPU
		{A1D3A563-476E-4916-BFAC-1E966DDE7CCA}.Debug|Any CPU.ActiveCfg = Debug|Any CPU
		{A1D3A563-476E-4916-BFAC-1E966DDE7CCA}.Debug|Any CPU.Build.0 = Debug|Any CPU
		{A1D3A563-476E-4916-BFAC-1E966DDE7CCA}.Release|Any CPU.ActiveCfg = Release|Any CPU
		{A1D3A563-476E-4916-BFAC-1E966DDE7CCA}.Release|Any CPU.Build.0 = Release|Any CPU
		{F43FE52E-CE4B-416A-BE2D-FB1DAB789256}.Debug|Any CPU.ActiveCfg = Debug|Any CPU
		{F43FE52E-CE4B-416A-BE2D-FB1DAB789256}.Debug|Any CPU.Build.0 = Debug|Any CPU
		{F43FE52E-CE4B-416A-BE2D-FB1DAB789256}.Release|Any CPU.ActiveCfg = Release|Any CPU
		{F43FE52E-CE4B-416A-BE2D-FB1DAB789256}.Release|Any CPU.Build.0 = Release|Any CPU
		{8FEC1FD4-CD86-461F-8779-6D2D22C4EB18}.Debug|Any CPU.ActiveCfg = Debug|Any CPU
		{8FEC1FD4-CD86-461F-8779-6D2D22C4EB18}.Debug|Any CPU.Build.0 = Debug|Any CPU
		{8FEC1FD4-CD86-461F-8779-6D2D22C4EB18}.Release|Any CPU.ActiveCfg = Release|Any CPU
		{8FEC1FD4-CD86-461F-8779-6D2D22C4EB18}.Release|Any CPU.Build.0 = Release|Any CPU
	EndGlobalSection
EndGlobal
